<?xml version="1.0" encoding="utf-8"?>
<Project ToolsVersion="4.0" xmlns="http://schemas.microsoft.com/developer/msbuild/2003">
  <ItemGroup>
    <Filter Include="Custom">
      <UniqueIdentifier>{A0E5AEAC-8C87-D982-7542-EDD6618360D3}</UniqueIdentifier>
    </Filter>
    <Filter Include="Custom\Log">
      <UniqueIdentifier>{71CD038F-5D85-45DC-C68C-1E38B263E0CC}</UniqueIdentifier>
    </Filter>
  </ItemGroup>
  <ItemGroup>
    <ClInclude Include="src\Custom.h" />
    <ClInclude Include="src\Custom\Application.h">
      <Filter>Custom</Filter>
    </ClInclude>
    <ClInclude Include="src\Custom\Base.h">
      <Filter>Custom</Filter>
    </ClInclude>
    <ClInclude Include="src\Custom\EntryPoint.h">
      <Filter>Custom</Filter>
    </ClInclude>
    <ClInclude Include="src\Custom\Log\Log.h">
      <Filter>Custom\Log</Filter>
    </ClInclude>
  </ItemGroup>
  <ItemGroup>
    <ClCompile Include="src\Custom\Application.cpp">
      <Filter>Custom</Filter>
    </ClCompile>
    <ClCompile Include="src\Custom\Log\CustomLog.cpp">
      <Filter>Custom\Log</Filter>
    </ClCompile>
    <ClCompile Include="src\Custom\Log\Log.cpp">
      <Filter>Custom\Log</Filter>
    </ClCompile>
  </ItemGroup>
</Project>